{
  "name": "bsv-overlay",
  "version": "0.2.0",
  "lockfileVersion": 3,
  "requires": true,
  "packages": {
    "": {
      "name": "bsv-overlay",
      "version": "0.2.0",
      "dependencies": {
        "ws": "^8.19.0"
      },
      "engines": {
        "node": ">=20.0.0"
      },
      "optionalDependencies": {
        "ws": "^8.19.0"
      }
    },
    "../a2a-bsv/packages/core": {
      "name": "@a2a-bsv/core",
      "version": "0.1.0",
      "extraneous": true,
      "license": "MIT",
      "dependencies": {
        "@bsv/sdk": "^1.10.3",
        "@bsv/wallet-toolbox": "^1.7.22",
        "dotenv": "^17.2.3",
        "knex": "^3.1.0"
      },
      "devDependencies": {
        "@types/node": "^22.0.0",
        "typescript": "^5.7.0"
      }
    },
    "node_modules/ws": {
      "version": "8.19.0",
      "resolved": "https://registry.npmjs.org/ws/-/ws-8.19.0.tgz",
      "integrity": "sha512-blAT2mjOEIi0ZzruJfIhb3nps74PRWTCz1IjglWEEpQl5XS/UNama6u2/rjFkDDouqr4L67ry+1aGIALViWjDg==",
      "license": "MIT",
      "optional": true,
      "engines": {
        "node": ">=10.0.0"
      },
      "peerDependencies": {
        "bufferutil": "^4.0.1",
        "utf-8-validate": ">=5.0.2"
      },
      "peerDependenciesMeta": {
        "bufferutil": {
          "optional": true
        },
        "utf-8-validate": {
          "optional": true
        }
      }
    }
  }
}
